<?xml version="1.0" encoding="utf-8"?>
<Project ToolsVersion="4.0" xmlns="http://schemas.microsoft.com/developer/msbuild/2003">
  <ItemGroup>
    <Filter Include="Source Files">
      <UniqueIdentifier>{4FC737F1-C7A5-4376-A066-2A32D752A2FF}</UniqueIdentifier>
      <Extensions>cpp;c;cc;cxx;c++;cppm;ixx;def;odl;idl;hpj;bat;asm;asmx</Extensions>
    </Filter>
    <Filter Include="Header Files">
      <UniqueIdentifier>{93995380-89BD-4b04-88EB-625FBE52EBFB}</UniqueIdentifier>
      <Extensions>h;hh;hpp;hxx;h++;hm;inl;inc;ipp;xsd</Extensions>
    </Filter>
    <Filter Include="Resource Files">
      <UniqueIdentifier>{67DA6AB6-F800-4c08-8B7A-83BB121AAD01}</UniqueIdentifier>
      <Extensions>rc;ico;cur;bmp;dlg;rc2;rct;bin;rgs;gif;jpg;jpeg;jpe;resx;tiff;tif;png;wav;mfcribbon-ms</Extensions>
    </Filter>
    <Filter Include="Commands">
      <UniqueIdentifier>{843ba5ab-cda2-4d48-9c6c-3f29e727fb97}</UniqueIdentifier>
    </Filter>
    <Filter Include="Commands\Source">
      <UniqueIdentifier>{a78e2324-9988-4ffa-b968-3d3a15ce6780}</UniqueIdentifier>
    </Filter>
    <Filter Include="Commands\Headers">
      <UniqueIdentifier>{877a1760-3bd0-435c-9cb8-3357f4031b77}</UniqueIdentifier>
    </Filter>
    <Filter Include="Networking">
      <UniqueIdentifier>{10f3c67b-2630-438e-ab3a-b7564b2c7867}</UniqueIdentifier>
    </Filter>
  </ItemGroup>
  <ItemGroup>
    <ClCompile Include="Hades.cpp">
      <Filter>Source Files</Filter>
    </ClCompile>
    <ClCompile Include="ls.cpp">
      <Filter>Commands\Source</Filter>
    </ClCompile>
    <ClCompile Include="CommandHandler.cpp">
      <Filter>Source Files</Filter>
    </ClCompile>
    <ClCompile Include="BaseCommand.cpp">
      <Filter>Commands\Source</Filter>
    </ClCompile>
    <ClCompile Include="main.cpp">
      <Filter>Source Files</Filter>
    </ClCompile>
  </ItemGroup>
  <ItemGroup>
    <ClInclude Include="Hades.h">
      <Filter>Header Files</Filter>
    </ClInclude>
    <ClInclude Include="ls.h">
      <Filter>Commands\Headers</Filter>
    </ClInclude>
    <ClInclude Include="BaseCommand.h">
      <Filter>Commands\Headers</Filter>
    </ClInclude>
    <ClInclude Include="CommandHandler.h">
      <Filter>Header Files</Filter>
    </ClInclude>
    <ClInclude Include="main.h">
      <Filter>Header Files</Filter>
    </ClInclude>
  </ItemGroup>
</Project>